
Microsoft Visual Studio Solution File, Format Version 12.00
# Visual Studio Express 2012 for Windows Desktop
Project("{FAE04EC0-301F-11D3-BF4B-00C04F79EFBC}") = "4 BackgroundWorker", "4 BackgroundWorker\4 BackgroundWorker.csproj", "{81203518-9678-40A1-9FA8-ADD139229B7E}"
EndProject
Global
	GlobalSection(TeamFoundationVersionControl) = preSolution
		SccNumberOfProjects = 2
		SccEnterpriseProvider = {4CA58AB2-18FA-4F8D-95D4-32DDF27D184C}
		SccTeamFoundationServer = https://platano.visualstudio.com/defaultcollection
		SccLocalPath0 = .
		SccProjectUniqueName1 = 4\u0020BackgroundWorker\\4\u0020BackgroundWorker.csproj
		SccProjectName1 = 4\u0020BackgroundWorker
		SccLocalPath1 = 4\u0020BackgroundWorker
	EndGlobalSection
	GlobalSection(SolutionConfigurationPlatforms) = preSolution
		Debug|Any CPU = Debug|Any CPU
		Release|Any CPU = Release|Any CPU
	EndGlobalSection
	GlobalSection(ProjectConfigurationPlatforms) = postSolution
		{81203518-9678-40A1-9FA8-ADD139229B7E}.Debug|Any CPU.ActiveCfg = Debug|Any CPU
		{81203518-9678-40A1-9FA8-ADD139229B7E}.Debug|Any CPU.Build.0 = Debug|Any CPU
		{81203518-9678-40A1-9FA8-ADD139229B7E}.Release|Any CPU.ActiveCfg = Release|Any CPU
		{81203518-9678-40A1-9FA8-ADD139229B7E}.Release|Any CPU.Build.0 = Release|Any CPU
	EndGlobalSection
	GlobalSection(SolutionProperties) = preSolution
		HideSolutionNode = FALSE
	EndGlobalSection
EndGlobal
