
Microsoft Visual Studio Solution File, Format Version 12.00
# Visual Studio Express 2012 for Windows Desktop
Project("{FAE04EC0-301F-11D3-BF4B-00C04F79EFBC}") = "MenuMaker", "MenuMaker\MenuMaker.csproj", "{1FDFE086-A747-4383-A9D2-A850B02C4CAC}"
EndProject
Global
	GlobalSection(TeamFoundationVersionControl) = preSolution
		SccNumberOfProjects = 2
		SccEnterpriseProvider = {4CA58AB2-18FA-4F8D-95D4-32DDF27D184C}
		SccTeamFoundationServer = https://platano.visualstudio.com/defaultcollection
		SccLocalPath0 = .
		SccProjectUniqueName1 = MenuMaker\\MenuMaker.csproj
		SccProjectName1 = MenuMaker
		SccLocalPath1 = MenuMaker
	EndGlobalSection
	GlobalSection(SolutionConfigurationPlatforms) = preSolution
		Debug|Any CPU = Debug|Any CPU
		Release|Any CPU = Release|Any CPU
	EndGlobalSection
	GlobalSection(ProjectConfigurationPlatforms) = postSolution
		{1FDFE086-A747-4383-A9D2-A850B02C4CAC}.Debug|Any CPU.ActiveCfg = Debug|Any CPU
		{1FDFE086-A747-4383-A9D2-A850B02C4CAC}.Debug|Any CPU.Build.0 = Debug|Any CPU
		{1FDFE086-A747-4383-A9D2-A850B02C4CAC}.Release|Any CPU.ActiveCfg = Release|Any CPU
		{1FDFE086-A747-4383-A9D2-A850B02C4CAC}.Release|Any CPU.Build.0 = Release|Any CPU
	EndGlobalSection
	GlobalSection(SolutionProperties) = preSolution
		HideSolutionNode = FALSE
	EndGlobalSection
EndGlobal
