
Microsoft Visual Studio Solution File, Format Version 12.00
# Visual Studio 15
VisualStudioVersion = 15.0.26730.10
MinimumVisualStudioVersion = 10.0.40219.1
Project("{FAE04EC0-301F-11D3-BF4B-00C04F79EFBC}") = "Save the Humans", "Chapter 01\Save the Humans\Save the Humans.csproj", "{10B0F15D-3AF6-4A86-9941-D87F1CE4F5FA}"
EndProject
Project("{FAE04EC0-301F-11D3-BF4B-00C04F79EFBC}") = "BuildAnApp", "Chapter 02\BuildAnApp\BuildAnApp.csproj", "{11A46DAB-8E7D-4C89-A81F-3F3A9299869E}"
EndProject
Project("{FAE04EC0-301F-11D3-BF4B-00C04F79EFBC}") = "Chapter 2 - Program 4", "Chapter 02\Chapter 2 - Program 4\Chapter 2 - Program 4.csproj", "{CD08A314-189C-4297-B87E-152ED9E4D577}"
EndProject
Project("{2150E333-8FDC-42A3-9474-1A3956D46DE8}") = "Chapter 2", "Chapter 2", "{79EAC083-F6CC-40B9-B48A-39A9085139BC}"
EndProject
Project("{2150E333-8FDC-42A3-9474-1A3956D46DE8}") = "Chapter 1", "Chapter 1", "{729E9225-9E62-4278-8AA3-3164543404F5}"
EndProject
Project("{FAE04EC0-301F-11D3-BF4B-00C04F79EFBC}") = "CodeMagnets", "Chapter 02\CodeMagnets\CodeMagnets.csproj", "{83D35B92-E429-4080-94C3-A1B5DF991813}"
EndProject
Project("{FAE04EC0-301F-11D3-BF4B-00C04F79EFBC}") = "FlashyThing", "Chapter 02\FlashyThing\FlashyThing.csproj", "{E1D48F6E-371C-47A6-A900-9C65B6105836}"
EndProject
Project("{FAE04EC0-301F-11D3-BF4B-00C04F79EFBC}") = "FunWithJoeAndBob", "Chapter 02\FunWithJoeAndBob\FunWithJoeAndBob.csproj", "{DA21834E-AB5C-4A99-A6B1-682F50171489}"
EndProject
Project("{FAE04EC0-301F-11D3-BF4B-00C04F79EFBC}") = "letsDigIn", "Chapter 02\letsDigIn\letsDigIn.csproj", "{F865452F-4703-4D47-9E9E-2BCB7210FDB1}"
EndProject
Project("{FAE04EC0-301F-11D3-BF4B-00C04F79EFBC}") = "PoolPuzzle", "Chapter 02\PoolPuzzle\PoolPuzzle.csproj", "{0921E646-4F51-4EA9-8F6B-D5796F1E56B0}"
EndProject
Project("{FAE04EC0-301F-11D3-BF4B-00C04F79EFBC}") = "PoolPuzzlePage127", "Chapter 02\PoolPuzzlePage127\PoolPuzzlePage127.csproj", "{28BCC79B-4A70-47DF-8691-BB221FCD6D91}"
EndProject
Project("{FAE04EC0-301F-11D3-BF4B-00C04F79EFBC}") = "PracticeUsingIfElse", "Chapter 02\PracticeUsingIfElse\PracticeUsingIfElse.csproj", "{A69F6A8F-D179-47AA-B5FB-213CCE4FE8F0}"
EndProject
Project("{FAE04EC0-301F-11D3-BF4B-00C04F79EFBC}") = "UseTheDebugger", "Chapter 02\UseTheDebugger\UseTheDebugger.csproj", "{D63C9B2C-2335-4EF8-B55C-CD9044389960}"
EndProject
Project("{2150E333-8FDC-42A3-9474-1A3956D46DE8}") = "Chapter 4", "Chapter 4", "{CC6384A6-229A-4D23-82BE-731D62F52600}"
EndProject
Project("{FAE04EC0-301F-11D3-BF4B-00C04F79EFBC}") = "ADayAtTheRaces", "Chapter 04\ADayAtTheRaces\ADayAtTheRaces.csproj", "{FE962AA9-E0B7-4D19-B73C-791CF2A74D2B}"
EndProject
Project("{FAE04EC0-301F-11D3-BF4B-00C04F79EFBC}") = "BouncingLabels", "Chapter 04\BouncingLabels\BouncingLabels.csproj", "{150E0E89-2F8C-48FD-B205-78B1509EE7CB}"
EndProject
Project("{FAE04EC0-301F-11D3-BF4B-00C04F79EFBC}") = "CodeMagnets", "Chapter 04\CodeMagnets\CodeMagnets.csproj", "{2A0C8858-92FD-4C88-BA96-49AF63CC6B17}"
EndProject
Project("{FAE04EC0-301F-11D3-BF4B-00C04F79EFBC}") = "Elephant", "Chapter 04\Elephant\Elephant.csproj", "{89F4B860-EAB1-4126-B026-022F999FEB1D}"
EndProject
Project("{FAE04EC0-301F-11D3-BF4B-00C04F79EFBC}") = "HitTheKeys", "Chapter 04\HitTheKeys\HitTheKeys.csproj", "{BE5FC2C6-20F8-42BF-B36F-86DBBC2F8092}"
EndProject
Project("{FAE04EC0-301F-11D3-BF4B-00C04F79EFBC}") = "MenuMaker", "Chapter 04\MenuMaker\MenuMaker.csproj", "{1FDFE086-A747-4383-A9D2-A850B02C4CAC}"
EndProject
Project("{FAE04EC0-301F-11D3-BF4B-00C04F79EFBC}") = "MileageCalculator", "Chapter 04\MileageCalculator\MileageCalculator.csproj", "{B992846C-8DCE-4CC0-B9FF-01DD4BF2EABC}"
EndProject
Project("{FAE04EC0-301F-11D3-BF4B-00C04F79EFBC}") = "PoolPuzzle", "Chapter 04\PoolPuzzle\PoolPuzzle.csproj", "{42BDAC71-4528-46C6-92C3-A8D73C9E6CFC}"
EndProject
Project("{2150E333-8FDC-42A3-9474-1A3956D46DE8}") = "Chapter 5", "Chapter 5", "{B18C9692-4FEE-4996-BB7D-52C0C9BC24D5}"
EndProject
Project("{FAE04EC0-301F-11D3-BF4B-00C04F79EFBC}") = "PartyPlanner", "Chapter 05\PartyPlanner\PartyPlanner.csproj", "{D679791E-242D-4BA4-A629-CB91ED2A39C7}"
EndProject
Project("{FAE04EC0-301F-11D3-BF4B-00C04F79EFBC}") = "CowCalculator", "Chapter 05\CowCalculator\CowCalculator\CowCalculator.csproj", "{B1CD46DF-665C-4E56-A9F7-360CD307F387}"
EndProject
Project("{2150E333-8FDC-42A3-9474-1A3956D46DE8}") = "Chapter 6", "Chapter 6", "{BA8CA0B3-AC14-41B3-BABF-621AA1E9A3FB}"
EndProject
Project("{FAE04EC0-301F-11D3-BF4B-00C04F79EFBC}") = "PartyPlannerBirthday", "Chapter 06\PartyPlannerBirthday\PartyPlannerBirthday.csproj", "{2D4ED0B6-1095-4519-87AA-21413DF1377E}"
EndProject
Project("{FAE04EC0-301F-11D3-BF4B-00C04F79EFBC}") = "BirthdayPlanner", "Chapter 06\BirthdayPlanner\BirthdayPlanner\BirthdayPlanner.csproj", "{D5AF9D46-D690-4439-ABCA-FE637ED57405}"
EndProject
Project("{FAE04EC0-301F-11D3-BF4B-00C04F79EFBC}") = "InheritanceTest", "Chapter 06\InheritanceTest\InheritanceTest.csproj", "{B0172506-FFA0-47CA-B010-2E947460961A}"
EndProject
Project("{FAE04EC0-301F-11D3-BF4B-00C04F79EFBC}") = "InheritanceTestFromEmptyProject", "InheritanceTestFromEmptyProject\InheritanceTestFromEmptyProject.csproj", "{3D1E2B93-FC66-46C2-83D1-706BBE331B51}"
EndProject
Project("{9A19103F-16F7-4668-BE54-9A1E7A4F7556}") = "DoThisPage166", "DoThisPage166\DoThisPage166.csproj", "{238DF511-C417-4A2C-9036-E3CD93BFEE2F}"
EndProject
Project("{FAE04EC0-301F-11D3-BF4B-00C04F79EFBC}") = "DoThisPage273", "DoThisPage273\DoThisPage273.csproj", "{51F8B98F-556D-4FEE-8179-A583F294BCD7}"
EndProject
Project("{FAE04EC0-301F-11D3-BF4B-00C04F79EFBC}") = "PartyWithInheritance", "PartyWithInheritance\PartyWithInheritance.csproj", "{7B43746E-8547-4B1E-B8C9-CEA95180B2A4}"
EndProject
Project("{FAE04EC0-301F-11D3-BF4B-00C04F79EFBC}") = "BeehiveManagementSystem", "BeehiveManagementSystem\BeehiveManagementSystem.csproj", "{2C17B820-BE02-4893-ACF9-68C40C42C062}"
EndProject
Project("{FAE04EC0-301F-11D3-BF4B-00C04F79EFBC}") = "BeehiveManagementSystem2", "Chapter 06\BeehiveManagementSystem2\BeehiveManagementSystem2.csproj", "{136E0B72-AAC0-4F8D-BBE5-97843F6C3647}"
EndProject
Global
	GlobalSection(SolutionConfigurationPlatforms) = preSolution
		Debug|Any CPU = Debug|Any CPU
		Debug|ARM = Debug|ARM
		Debug|x64 = Debug|x64
		Debug|x86 = Debug|x86
		Release|Any CPU = Release|Any CPU
		Release|ARM = Release|ARM
		Release|x64 = Release|x64
		Release|x86 = Release|x86
	EndGlobalSection
	GlobalSection(ProjectConfigurationPlatforms) = postSolution
		{10B0F15D-3AF6-4A86-9941-D87F1CE4F5FA}.Debug|Any CPU.ActiveCfg = Debug|Any CPU
		{10B0F15D-3AF6-4A86-9941-D87F1CE4F5FA}.Debug|Any CPU.Build.0 = Debug|Any CPU
		{10B0F15D-3AF6-4A86-9941-D87F1CE4F5FA}.Debug|Any CPU.Deploy.0 = Debug|Any CPU
		{10B0F15D-3AF6-4A86-9941-D87F1CE4F5FA}.Debug|ARM.ActiveCfg = Debug|ARM
		{10B0F15D-3AF6-4A86-9941-D87F1CE4F5FA}.Debug|ARM.Build.0 = Debug|ARM
		{10B0F15D-3AF6-4A86-9941-D87F1CE4F5FA}.Debug|ARM.Deploy.0 = Debug|ARM
		{10B0F15D-3AF6-4A86-9941-D87F1CE4F5FA}.Debug|x64.ActiveCfg = Debug|x64
		{10B0F15D-3AF6-4A86-9941-D87F1CE4F5FA}.Debug|x64.Build.0 = Debug|x64
		{10B0F15D-3AF6-4A86-9941-D87F1CE4F5FA}.Debug|x64.Deploy.0 = Debug|x64
		{10B0F15D-3AF6-4A86-9941-D87F1CE4F5FA}.Debug|x86.ActiveCfg = Debug|x86
		{10B0F15D-3AF6-4A86-9941-D87F1CE4F5FA}.Debug|x86.Build.0 = Debug|x86
		{10B0F15D-3AF6-4A86-9941-D87F1CE4F5FA}.Debug|x86.Deploy.0 = Debug|x86
		{10B0F15D-3AF6-4A86-9941-D87F1CE4F5FA}.Release|Any CPU.ActiveCfg = Release|Any CPU
		{10B0F15D-3AF6-4A86-9941-D87F1CE4F5FA}.Release|Any CPU.Build.0 = Release|Any CPU
		{10B0F15D-3AF6-4A86-9941-D87F1CE4F5FA}.Release|Any CPU.Deploy.0 = Release|Any CPU
		{10B0F15D-3AF6-4A86-9941-D87F1CE4F5FA}.Release|ARM.ActiveCfg = Release|ARM
		{10B0F15D-3AF6-4A86-9941-D87F1CE4F5FA}.Release|ARM.Build.0 = Release|ARM
		{10B0F15D-3AF6-4A86-9941-D87F1CE4F5FA}.Release|ARM.Deploy.0 = Release|ARM
		{10B0F15D-3AF6-4A86-9941-D87F1CE4F5FA}.Release|x64.ActiveCfg = Release|x64
		{10B0F15D-3AF6-4A86-9941-D87F1CE4F5FA}.Release|x64.Build.0 = Release|x64
		{10B0F15D-3AF6-4A86-9941-D87F1CE4F5FA}.Release|x64.Deploy.0 = Release|x64
		{10B0F15D-3AF6-4A86-9941-D87F1CE4F5FA}.Release|x86.ActiveCfg = Release|x86
		{10B0F15D-3AF6-4A86-9941-D87F1CE4F5FA}.Release|x86.Build.0 = Release|x86
		{10B0F15D-3AF6-4A86-9941-D87F1CE4F5FA}.Release|x86.Deploy.0 = Release|x86
		{11A46DAB-8E7D-4C89-A81F-3F3A9299869E}.Debug|Any CPU.ActiveCfg = Debug|Any CPU
		{11A46DAB-8E7D-4C89-A81F-3F3A9299869E}.Debug|Any CPU.Build.0 = Debug|Any CPU
		{11A46DAB-8E7D-4C89-A81F-3F3A9299869E}.Debug|Any CPU.Deploy.0 = Debug|Any CPU
		{11A46DAB-8E7D-4C89-A81F-3F3A9299869E}.Debug|ARM.ActiveCfg = Debug|ARM
		{11A46DAB-8E7D-4C89-A81F-3F3A9299869E}.Debug|ARM.Build.0 = Debug|ARM
		{11A46DAB-8E7D-4C89-A81F-3F3A9299869E}.Debug|ARM.Deploy.0 = Debug|ARM
		{11A46DAB-8E7D-4C89-A81F-3F3A9299869E}.Debug|x64.ActiveCfg = Debug|x64
		{11A46DAB-8E7D-4C89-A81F-3F3A9299869E}.Debug|x64.Build.0 = Debug|x64
		{11A46DAB-8E7D-4C89-A81F-3F3A9299869E}.Debug|x64.Deploy.0 = Debug|x64
		{11A46DAB-8E7D-4C89-A81F-3F3A9299869E}.Debug|x86.ActiveCfg = Debug|x86
		{11A46DAB-8E7D-4C89-A81F-3F3A9299869E}.Debug|x86.Build.0 = Debug|x86
		{11A46DAB-8E7D-4C89-A81F-3F3A9299869E}.Debug|x86.Deploy.0 = Debug|x86
		{11A46DAB-8E7D-4C89-A81F-3F3A9299869E}.Release|Any CPU.ActiveCfg = Release|Any CPU
		{11A46DAB-8E7D-4C89-A81F-3F3A9299869E}.Release|Any CPU.Build.0 = Release|Any CPU
		{11A46DAB-8E7D-4C89-A81F-3F3A9299869E}.Release|Any CPU.Deploy.0 = Release|Any CPU
		{11A46DAB-8E7D-4C89-A81F-3F3A9299869E}.Release|ARM.ActiveCfg = Release|ARM
		{11A46DAB-8E7D-4C89-A81F-3F3A9299869E}.Release|ARM.Build.0 = Release|ARM
		{11A46DAB-8E7D-4C89-A81F-3F3A9299869E}.Release|ARM.Deploy.0 = Release|ARM
		{11A46DAB-8E7D-4C89-A81F-3F3A9299869E}.Release|x64.ActiveCfg = Release|x64
		{11A46DAB-8E7D-4C89-A81F-3F3A9299869E}.Release|x64.Build.0 = Release|x64
		{11A46DAB-8E7D-4C89-A81F-3F3A9299869E}.Release|x64.Deploy.0 = Release|x64
		{11A46DAB-8E7D-4C89-A81F-3F3A9299869E}.Release|x86.ActiveCfg = Release|x86
		{11A46DAB-8E7D-4C89-A81F-3F3A9299869E}.Release|x86.Build.0 = Release|x86
		{11A46DAB-8E7D-4C89-A81F-3F3A9299869E}.Release|x86.Deploy.0 = Release|x86
		{CD08A314-189C-4297-B87E-152ED9E4D577}.Debug|Any CPU.ActiveCfg = Debug|Any CPU
		{CD08A314-189C-4297-B87E-152ED9E4D577}.Debug|Any CPU.Build.0 = Debug|Any CPU
		{CD08A314-189C-4297-B87E-152ED9E4D577}.Debug|ARM.ActiveCfg = Debug|Any CPU
		{CD08A314-189C-4297-B87E-152ED9E4D577}.Debug|x64.ActiveCfg = Debug|Any CPU
		{CD08A314-189C-4297-B87E-152ED9E4D577}.Debug|x86.ActiveCfg = Debug|Any CPU
		{CD08A314-189C-4297-B87E-152ED9E4D577}.Release|Any CPU.ActiveCfg = Release|Any CPU
		{CD08A314-189C-4297-B87E-152ED9E4D577}.Release|Any CPU.Build.0 = Release|Any CPU
		{CD08A314-189C-4297-B87E-152ED9E4D577}.Release|ARM.ActiveCfg = Release|Any CPU
		{CD08A314-189C-4297-B87E-152ED9E4D577}.Release|x64.ActiveCfg = Release|Any CPU
		{CD08A314-189C-4297-B87E-152ED9E4D577}.Release|x86.ActiveCfg = Release|Any CPU
		{83D35B92-E429-4080-94C3-A1B5DF991813}.Debug|Any CPU.ActiveCfg = Debug|Any CPU
		{83D35B92-E429-4080-94C3-A1B5DF991813}.Debug|Any CPU.Build.0 = Debug|Any CPU
		{83D35B92-E429-4080-94C3-A1B5DF991813}.Debug|Any CPU.Deploy.0 = Debug|Any CPU
		{83D35B92-E429-4080-94C3-A1B5DF991813}.Debug|ARM.ActiveCfg = Debug|ARM
		{83D35B92-E429-4080-94C3-A1B5DF991813}.Debug|ARM.Build.0 = Debug|ARM
		{83D35B92-E429-4080-94C3-A1B5DF991813}.Debug|ARM.Deploy.0 = Debug|ARM
		{83D35B92-E429-4080-94C3-A1B5DF991813}.Debug|x64.ActiveCfg = Debug|x64
		{83D35B92-E429-4080-94C3-A1B5DF991813}.Debug|x64.Build.0 = Debug|x64
		{83D35B92-E429-4080-94C3-A1B5DF991813}.Debug|x64.Deploy.0 = Debug|x64
		{83D35B92-E429-4080-94C3-A1B5DF991813}.Debug|x86.ActiveCfg = Debug|x86
		{83D35B92-E429-4080-94C3-A1B5DF991813}.Debug|x86.Build.0 = Debug|x86
		{83D35B92-E429-4080-94C3-A1B5DF991813}.Debug|x86.Deploy.0 = Debug|x86
		{83D35B92-E429-4080-94C3-A1B5DF991813}.Release|Any CPU.ActiveCfg = Release|Any CPU
		{83D35B92-E429-4080-94C3-A1B5DF991813}.Release|Any CPU.Build.0 = Release|Any CPU
		{83D35B92-E429-4080-94C3-A1B5DF991813}.Release|Any CPU.Deploy.0 = Release|Any CPU
		{83D35B92-E429-4080-94C3-A1B5DF991813}.Release|ARM.ActiveCfg = Release|ARM
		{83D35B92-E429-4080-94C3-A1B5DF991813}.Release|ARM.Build.0 = Release|ARM
		{83D35B92-E429-4080-94C3-A1B5DF991813}.Release|ARM.Deploy.0 = Release|ARM
		{83D35B92-E429-4080-94C3-A1B5DF991813}.Release|x64.ActiveCfg = Release|x64
		{83D35B92-E429-4080-94C3-A1B5DF991813}.Release|x64.Build.0 = Release|x64
		{83D35B92-E429-4080-94C3-A1B5DF991813}.Release|x64.Deploy.0 = Release|x64
		{83D35B92-E429-4080-94C3-A1B5DF991813}.Release|x86.ActiveCfg = Release|x86
		{83D35B92-E429-4080-94C3-A1B5DF991813}.Release|x86.Build.0 = Release|x86
		{83D35B92-E429-4080-94C3-A1B5DF991813}.Release|x86.Deploy.0 = Release|x86
		{E1D48F6E-371C-47A6-A900-9C65B6105836}.Debug|Any CPU.ActiveCfg = Debug|Any CPU
		{E1D48F6E-371C-47A6-A900-9C65B6105836}.Debug|Any CPU.Build.0 = Debug|Any CPU
		{E1D48F6E-371C-47A6-A900-9C65B6105836}.Debug|ARM.ActiveCfg = Debug|Any CPU
		{E1D48F6E-371C-47A6-A900-9C65B6105836}.Debug|x64.ActiveCfg = Debug|Any CPU
		{E1D48F6E-371C-47A6-A900-9C65B6105836}.Debug|x86.ActiveCfg = Debug|Any CPU
		{E1D48F6E-371C-47A6-A900-9C65B6105836}.Release|Any CPU.ActiveCfg = Release|Any CPU
		{E1D48F6E-371C-47A6-A900-9C65B6105836}.Release|Any CPU.Build.0 = Release|Any CPU
		{E1D48F6E-371C-47A6-A900-9C65B6105836}.Release|ARM.ActiveCfg = Release|Any CPU
		{E1D48F6E-371C-47A6-A900-9C65B6105836}.Release|x64.ActiveCfg = Release|Any CPU
		{E1D48F6E-371C-47A6-A900-9C65B6105836}.Release|x86.ActiveCfg = Release|Any CPU
		{DA21834E-AB5C-4A99-A6B1-682F50171489}.Debug|Any CPU.ActiveCfg = Debug|Any CPU
		{DA21834E-AB5C-4A99-A6B1-682F50171489}.Debug|Any CPU.Build.0 = Debug|Any CPU
		{DA21834E-AB5C-4A99-A6B1-682F50171489}.Debug|ARM.ActiveCfg = Debug|Any CPU
		{DA21834E-AB5C-4A99-A6B1-682F50171489}.Debug|x64.ActiveCfg = Debug|Any CPU
		{DA21834E-AB5C-4A99-A6B1-682F50171489}.Debug|x86.ActiveCfg = Debug|Any CPU
		{DA21834E-AB5C-4A99-A6B1-682F50171489}.Release|Any CPU.ActiveCfg = Release|Any CPU
		{DA21834E-AB5C-4A99-A6B1-682F50171489}.Release|Any CPU.Build.0 = Release|Any CPU
		{DA21834E-AB5C-4A99-A6B1-682F50171489}.Release|ARM.ActiveCfg = Release|Any CPU
		{DA21834E-AB5C-4A99-A6B1-682F50171489}.Release|x64.ActiveCfg = Release|Any CPU
		{DA21834E-AB5C-4A99-A6B1-682F50171489}.Release|x86.ActiveCfg = Release|Any CPU
		{F865452F-4703-4D47-9E9E-2BCB7210FDB1}.Debug|Any CPU.ActiveCfg = Debug|Any CPU
		{F865452F-4703-4D47-9E9E-2BCB7210FDB1}.Debug|Any CPU.Build.0 = Debug|Any CPU
		{F865452F-4703-4D47-9E9E-2BCB7210FDB1}.Debug|ARM.ActiveCfg = Debug|Any CPU
		{F865452F-4703-4D47-9E9E-2BCB7210FDB1}.Debug|x64.ActiveCfg = Debug|Any CPU
		{F865452F-4703-4D47-9E9E-2BCB7210FDB1}.Debug|x86.ActiveCfg = Debug|Any CPU
		{F865452F-4703-4D47-9E9E-2BCB7210FDB1}.Release|Any CPU.ActiveCfg = Release|Any CPU
		{F865452F-4703-4D47-9E9E-2BCB7210FDB1}.Release|Any CPU.Build.0 = Release|Any CPU
		{F865452F-4703-4D47-9E9E-2BCB7210FDB1}.Release|ARM.ActiveCfg = Release|Any CPU
		{F865452F-4703-4D47-9E9E-2BCB7210FDB1}.Release|x64.ActiveCfg = Release|Any CPU
		{F865452F-4703-4D47-9E9E-2BCB7210FDB1}.Release|x86.ActiveCfg = Release|Any CPU
		{0921E646-4F51-4EA9-8F6B-D5796F1E56B0}.Debug|Any CPU.ActiveCfg = Debug|Any CPU
		{0921E646-4F51-4EA9-8F6B-D5796F1E56B0}.Debug|Any CPU.Build.0 = Debug|Any CPU
		{0921E646-4F51-4EA9-8F6B-D5796F1E56B0}.Debug|Any CPU.Deploy.0 = Debug|Any CPU
		{0921E646-4F51-4EA9-8F6B-D5796F1E56B0}.Debug|ARM.ActiveCfg = Debug|ARM
		{0921E646-4F51-4EA9-8F6B-D5796F1E56B0}.Debug|ARM.Build.0 = Debug|ARM
		{0921E646-4F51-4EA9-8F6B-D5796F1E56B0}.Debug|ARM.Deploy.0 = Debug|ARM
		{0921E646-4F51-4EA9-8F6B-D5796F1E56B0}.Debug|x64.ActiveCfg = Debug|x64
		{0921E646-4F51-4EA9-8F6B-D5796F1E56B0}.Debug|x64.Build.0 = Debug|x64
		{0921E646-4F51-4EA9-8F6B-D5796F1E56B0}.Debug|x64.Deploy.0 = Debug|x64
		{0921E646-4F51-4EA9-8F6B-D5796F1E56B0}.Debug|x86.ActiveCfg = Debug|x86
		{0921E646-4F51-4EA9-8F6B-D5796F1E56B0}.Debug|x86.Build.0 = Debug|x86
		{0921E646-4F51-4EA9-8F6B-D5796F1E56B0}.Debug|x86.Deploy.0 = Debug|x86
		{0921E646-4F51-4EA9-8F6B-D5796F1E56B0}.Release|Any CPU.ActiveCfg = Release|Any CPU
		{0921E646-4F51-4EA9-8F6B-D5796F1E56B0}.Release|Any CPU.Build.0 = Release|Any CPU
		{0921E646-4F51-4EA9-8F6B-D5796F1E56B0}.Release|Any CPU.Deploy.0 = Release|Any CPU
		{0921E646-4F51-4EA9-8F6B-D5796F1E56B0}.Release|ARM.ActiveCfg = Release|ARM
		{0921E646-4F51-4EA9-8F6B-D5796F1E56B0}.Release|ARM.Build.0 = Release|ARM
		{0921E646-4F51-4EA9-8F6B-D5796F1E56B0}.Release|ARM.Deploy.0 = Release|ARM
		{0921E646-4F51-4EA9-8F6B-D5796F1E56B0}.Release|x64.ActiveCfg = Release|x64
		{0921E646-4F51-4EA9-8F6B-D5796F1E56B0}.Release|x64.Build.0 = Release|x64
		{0921E646-4F51-4EA9-8F6B-D5796F1E56B0}.Release|x64.Deploy.0 = Release|x64
		{0921E646-4F51-4EA9-8F6B-D5796F1E56B0}.Release|x86.ActiveCfg = Release|x86
		{0921E646-4F51-4EA9-8F6B-D5796F1E56B0}.Release|x86.Build.0 = Release|x86
		{0921E646-4F51-4EA9-8F6B-D5796F1E56B0}.Release|x86.Deploy.0 = Release|x86
		{28BCC79B-4A70-47DF-8691-BB221FCD6D91}.Debug|Any CPU.ActiveCfg = Debug|Any CPU
		{28BCC79B-4A70-47DF-8691-BB221FCD6D91}.Debug|Any CPU.Build.0 = Debug|Any CPU
		{28BCC79B-4A70-47DF-8691-BB221FCD6D91}.Debug|ARM.ActiveCfg = Debug|Any CPU
		{28BCC79B-4A70-47DF-8691-BB221FCD6D91}.Debug|x64.ActiveCfg = Debug|Any CPU
		{28BCC79B-4A70-47DF-8691-BB221FCD6D91}.Debug|x86.ActiveCfg = Debug|Any CPU
		{28BCC79B-4A70-47DF-8691-BB221FCD6D91}.Release|Any CPU.ActiveCfg = Release|Any CPU
		{28BCC79B-4A70-47DF-8691-BB221FCD6D91}.Release|Any CPU.Build.0 = Release|Any CPU
		{28BCC79B-4A70-47DF-8691-BB221FCD6D91}.Release|ARM.ActiveCfg = Release|Any CPU
		{28BCC79B-4A70-47DF-8691-BB221FCD6D91}.Release|x64.ActiveCfg = Release|Any CPU
		{28BCC79B-4A70-47DF-8691-BB221FCD6D91}.Release|x86.ActiveCfg = Release|Any CPU
		{A69F6A8F-D179-47AA-B5FB-213CCE4FE8F0}.Debug|Any CPU.ActiveCfg = Debug|Any CPU
		{A69F6A8F-D179-47AA-B5FB-213CCE4FE8F0}.Debug|Any CPU.Build.0 = Debug|Any CPU
		{A69F6A8F-D179-47AA-B5FB-213CCE4FE8F0}.Debug|Any CPU.Deploy.0 = Debug|Any CPU
		{A69F6A8F-D179-47AA-B5FB-213CCE4FE8F0}.Debug|ARM.ActiveCfg = Debug|ARM
		{A69F6A8F-D179-47AA-B5FB-213CCE4FE8F0}.Debug|ARM.Build.0 = Debug|ARM
		{A69F6A8F-D179-47AA-B5FB-213CCE4FE8F0}.Debug|ARM.Deploy.0 = Debug|ARM
		{A69F6A8F-D179-47AA-B5FB-213CCE4FE8F0}.Debug|x64.ActiveCfg = Debug|x64
		{A69F6A8F-D179-47AA-B5FB-213CCE4FE8F0}.Debug|x64.Build.0 = Debug|x64
		{A69F6A8F-D179-47AA-B5FB-213CCE4FE8F0}.Debug|x64.Deploy.0 = Debug|x64
		{A69F6A8F-D179-47AA-B5FB-213CCE4FE8F0}.Debug|x86.ActiveCfg = Debug|x86
		{A69F6A8F-D179-47AA-B5FB-213CCE4FE8F0}.Debug|x86.Build.0 = Debug|x86
		{A69F6A8F-D179-47AA-B5FB-213CCE4FE8F0}.Debug|x86.Deploy.0 = Debug|x86
		{A69F6A8F-D179-47AA-B5FB-213CCE4FE8F0}.Release|Any CPU.ActiveCfg = Release|Any CPU
		{A69F6A8F-D179-47AA-B5FB-213CCE4FE8F0}.Release|Any CPU.Build.0 = Release|Any CPU
		{A69F6A8F-D179-47AA-B5FB-213CCE4FE8F0}.Release|Any CPU.Deploy.0 = Release|Any CPU
		{A69F6A8F-D179-47AA-B5FB-213CCE4FE8F0}.Release|ARM.ActiveCfg = Release|ARM
		{A69F6A8F-D179-47AA-B5FB-213CCE4FE8F0}.Release|ARM.Build.0 = Release|ARM
		{A69F6A8F-D179-47AA-B5FB-213CCE4FE8F0}.Release|ARM.Deploy.0 = Release|ARM
		{A69F6A8F-D179-47AA-B5FB-213CCE4FE8F0}.Release|x64.ActiveCfg = Release|x64
		{A69F6A8F-D179-47AA-B5FB-213CCE4FE8F0}.Release|x64.Build.0 = Release|x64
		{A69F6A8F-D179-47AA-B5FB-213CCE4FE8F0}.Release|x64.Deploy.0 = Release|x64
		{A69F6A8F-D179-47AA-B5FB-213CCE4FE8F0}.Release|x86.ActiveCfg = Release|x86
		{A69F6A8F-D179-47AA-B5FB-213CCE4FE8F0}.Release|x86.Build.0 = Release|x86
		{A69F6A8F-D179-47AA-B5FB-213CCE4FE8F0}.Release|x86.Deploy.0 = Release|x86
		{D63C9B2C-2335-4EF8-B55C-CD9044389960}.Debug|Any CPU.ActiveCfg = Debug|Any CPU
		{D63C9B2C-2335-4EF8-B55C-CD9044389960}.Debug|Any CPU.Build.0 = Debug|Any CPU
		{D63C9B2C-2335-4EF8-B55C-CD9044389960}.Debug|Any CPU.Deploy.0 = Debug|Any CPU
		{D63C9B2C-2335-4EF8-B55C-CD9044389960}.Debug|ARM.ActiveCfg = Debug|ARM
		{D63C9B2C-2335-4EF8-B55C-CD9044389960}.Debug|ARM.Build.0 = Debug|ARM
		{D63C9B2C-2335-4EF8-B55C-CD9044389960}.Debug|ARM.Deploy.0 = Debug|ARM
		{D63C9B2C-2335-4EF8-B55C-CD9044389960}.Debug|x64.ActiveCfg = Debug|x64
		{D63C9B2C-2335-4EF8-B55C-CD9044389960}.Debug|x64.Build.0 = Debug|x64
		{D63C9B2C-2335-4EF8-B55C-CD9044389960}.Debug|x64.Deploy.0 = Debug|x64
		{D63C9B2C-2335-4EF8-B55C-CD9044389960}.Debug|x86.ActiveCfg = Debug|x86
		{D63C9B2C-2335-4EF8-B55C-CD9044389960}.Debug|x86.Build.0 = Debug|x86
		{D63C9B2C-2335-4EF8-B55C-CD9044389960}.Debug|x86.Deploy.0 = Debug|x86
		{D63C9B2C-2335-4EF8-B55C-CD9044389960}.Release|Any CPU.ActiveCfg = Release|Any CPU
		{D63C9B2C-2335-4EF8-B55C-CD9044389960}.Release|Any CPU.Build.0 = Release|Any CPU
		{D63C9B2C-2335-4EF8-B55C-CD9044389960}.Release|Any CPU.Deploy.0 = Release|Any CPU
		{D63C9B2C-2335-4EF8-B55C-CD9044389960}.Release|ARM.ActiveCfg = Release|ARM
		{D63C9B2C-2335-4EF8-B55C-CD9044389960}.Release|ARM.Build.0 = Release|ARM
		{D63C9B2C-2335-4EF8-B55C-CD9044389960}.Release|ARM.Deploy.0 = Release|ARM
		{D63C9B2C-2335-4EF8-B55C-CD9044389960}.Release|x64.ActiveCfg = Release|x64
		{D63C9B2C-2335-4EF8-B55C-CD9044389960}.Release|x64.Build.0 = Release|x64
		{D63C9B2C-2335-4EF8-B55C-CD9044389960}.Release|x64.Deploy.0 = Release|x64
		{D63C9B2C-2335-4EF8-B55C-CD9044389960}.Release|x86.ActiveCfg = Release|x86
		{D63C9B2C-2335-4EF8-B55C-CD9044389960}.Release|x86.Build.0 = Release|x86
		{D63C9B2C-2335-4EF8-B55C-CD9044389960}.Release|x86.Deploy.0 = Release|x86
		{FE962AA9-E0B7-4D19-B73C-791CF2A74D2B}.Debug|Any CPU.ActiveCfg = Debug|Any CPU
		{FE962AA9-E0B7-4D19-B73C-791CF2A74D2B}.Debug|Any CPU.Build.0 = Debug|Any CPU
		{FE962AA9-E0B7-4D19-B73C-791CF2A74D2B}.Debug|ARM.ActiveCfg = Debug|Any CPU
		{FE962AA9-E0B7-4D19-B73C-791CF2A74D2B}.Debug|x64.ActiveCfg = Debug|Any CPU
		{FE962AA9-E0B7-4D19-B73C-791CF2A74D2B}.Debug|x86.ActiveCfg = Debug|Any CPU
		{FE962AA9-E0B7-4D19-B73C-791CF2A74D2B}.Release|Any CPU.ActiveCfg = Release|Any CPU
		{FE962AA9-E0B7-4D19-B73C-791CF2A74D2B}.Release|Any CPU.Build.0 = Release|Any CPU
		{FE962AA9-E0B7-4D19-B73C-791CF2A74D2B}.Release|ARM.ActiveCfg = Release|Any CPU
		{FE962AA9-E0B7-4D19-B73C-791CF2A74D2B}.Release|x64.ActiveCfg = Release|Any CPU
		{FE962AA9-E0B7-4D19-B73C-791CF2A74D2B}.Release|x86.ActiveCfg = Release|Any CPU
		{150E0E89-2F8C-48FD-B205-78B1509EE7CB}.Debug|Any CPU.ActiveCfg = Debug|Any CPU
		{150E0E89-2F8C-48FD-B205-78B1509EE7CB}.Debug|Any CPU.Build.0 = Debug|Any CPU
		{150E0E89-2F8C-48FD-B205-78B1509EE7CB}.Debug|ARM.ActiveCfg = Debug|Any CPU
		{150E0E89-2F8C-48FD-B205-78B1509EE7CB}.Debug|x64.ActiveCfg = Debug|Any CPU
		{150E0E89-2F8C-48FD-B205-78B1509EE7CB}.Debug|x86.ActiveCfg = Debug|Any CPU
		{150E0E89-2F8C-48FD-B205-78B1509EE7CB}.Release|Any CPU.ActiveCfg = Release|Any CPU
		{150E0E89-2F8C-48FD-B205-78B1509EE7CB}.Release|Any CPU.Build.0 = Release|Any CPU
		{150E0E89-2F8C-48FD-B205-78B1509EE7CB}.Release|ARM.ActiveCfg = Release|Any CPU
		{150E0E89-2F8C-48FD-B205-78B1509EE7CB}.Release|x64.ActiveCfg = Release|Any CPU
		{150E0E89-2F8C-48FD-B205-78B1509EE7CB}.Release|x86.ActiveCfg = Release|Any CPU
		{2A0C8858-92FD-4C88-BA96-49AF63CC6B17}.Debug|Any CPU.ActiveCfg = Debug|Any CPU
		{2A0C8858-92FD-4C88-BA96-49AF63CC6B17}.Debug|Any CPU.Build.0 = Debug|Any CPU
		{2A0C8858-92FD-4C88-BA96-49AF63CC6B17}.Debug|ARM.ActiveCfg = Debug|Any CPU
		{2A0C8858-92FD-4C88-BA96-49AF63CC6B17}.Debug|x64.ActiveCfg = Debug|Any CPU
		{2A0C8858-92FD-4C88-BA96-49AF63CC6B17}.Debug|x86.ActiveCfg = Debug|Any CPU
		{2A0C8858-92FD-4C88-BA96-49AF63CC6B17}.Release|Any CPU.ActiveCfg = Release|Any CPU
		{2A0C8858-92FD-4C88-BA96-49AF63CC6B17}.Release|Any CPU.Build.0 = Release|Any CPU
		{2A0C8858-92FD-4C88-BA96-49AF63CC6B17}.Release|ARM.ActiveCfg = Release|Any CPU
		{2A0C8858-92FD-4C88-BA96-49AF63CC6B17}.Release|x64.ActiveCfg = Release|Any CPU
		{2A0C8858-92FD-4C88-BA96-49AF63CC6B17}.Release|x86.ActiveCfg = Release|Any CPU
		{89F4B860-EAB1-4126-B026-022F999FEB1D}.Debug|Any CPU.ActiveCfg = Debug|Any CPU
		{89F4B860-EAB1-4126-B026-022F999FEB1D}.Debug|Any CPU.Build.0 = Debug|Any CPU
		{89F4B860-EAB1-4126-B026-022F999FEB1D}.Debug|ARM.ActiveCfg = Debug|Any CPU
		{89F4B860-EAB1-4126-B026-022F999FEB1D}.Debug|x64.ActiveCfg = Debug|Any CPU
		{89F4B860-EAB1-4126-B026-022F999FEB1D}.Debug|x86.ActiveCfg = Debug|Any CPU
		{89F4B860-EAB1-4126-B026-022F999FEB1D}.Release|Any CPU.ActiveCfg = Release|Any CPU
		{89F4B860-EAB1-4126-B026-022F999FEB1D}.Release|Any CPU.Build.0 = Release|Any CPU
		{89F4B860-EAB1-4126-B026-022F999FEB1D}.Release|ARM.ActiveCfg = Release|Any CPU
		{89F4B860-EAB1-4126-B026-022F999FEB1D}.Release|x64.ActiveCfg = Release|Any CPU
		{89F4B860-EAB1-4126-B026-022F999FEB1D}.Release|x86.ActiveCfg = Release|Any CPU
		{BE5FC2C6-20F8-42BF-B36F-86DBBC2F8092}.Debug|Any CPU.ActiveCfg = Debug|Any CPU
		{BE5FC2C6-20F8-42BF-B36F-86DBBC2F8092}.Debug|Any CPU.Build.0 = Debug|Any CPU
		{BE5FC2C6-20F8-42BF-B36F-86DBBC2F8092}.Debug|ARM.ActiveCfg = Debug|Any CPU
		{BE5FC2C6-20F8-42BF-B36F-86DBBC2F8092}.Debug|x64.ActiveCfg = Debug|Any CPU
		{BE5FC2C6-20F8-42BF-B36F-86DBBC2F8092}.Debug|x86.ActiveCfg = Debug|Any CPU
		{BE5FC2C6-20F8-42BF-B36F-86DBBC2F8092}.Release|Any CPU.ActiveCfg = Release|Any CPU
		{BE5FC2C6-20F8-42BF-B36F-86DBBC2F8092}.Release|Any CPU.Build.0 = Release|Any CPU
		{BE5FC2C6-20F8-42BF-B36F-86DBBC2F8092}.Release|ARM.ActiveCfg = Release|Any CPU
		{BE5FC2C6-20F8-42BF-B36F-86DBBC2F8092}.Release|x64.ActiveCfg = Release|Any CPU
		{BE5FC2C6-20F8-42BF-B36F-86DBBC2F8092}.Release|x86.ActiveCfg = Release|Any CPU
		{1FDFE086-A747-4383-A9D2-A850B02C4CAC}.Debug|Any CPU.ActiveCfg = Debug|Any CPU
		{1FDFE086-A747-4383-A9D2-A850B02C4CAC}.Debug|Any CPU.Build.0 = Debug|Any CPU
		{1FDFE086-A747-4383-A9D2-A850B02C4CAC}.Debug|ARM.ActiveCfg = Debug|Any CPU
		{1FDFE086-A747-4383-A9D2-A850B02C4CAC}.Debug|x64.ActiveCfg = Debug|Any CPU
		{1FDFE086-A747-4383-A9D2-A850B02C4CAC}.Debug|x86.ActiveCfg = Debug|Any CPU
		{1FDFE086-A747-4383-A9D2-A850B02C4CAC}.Release|Any CPU.ActiveCfg = Release|Any CPU
		{1FDFE086-A747-4383-A9D2-A850B02C4CAC}.Release|Any CPU.Build.0 = Release|Any CPU
		{1FDFE086-A747-4383-A9D2-A850B02C4CAC}.Release|ARM.ActiveCfg = Release|Any CPU
		{1FDFE086-A747-4383-A9D2-A850B02C4CAC}.Release|x64.ActiveCfg = Release|Any CPU
		{1FDFE086-A747-4383-A9D2-A850B02C4CAC}.Release|x86.ActiveCfg = Release|Any CPU
		{B992846C-8DCE-4CC0-B9FF-01DD4BF2EABC}.Debug|Any CPU.ActiveCfg = Debug|Any CPU
		{B992846C-8DCE-4CC0-B9FF-01DD4BF2EABC}.Debug|Any CPU.Build.0 = Debug|Any CPU
		{B992846C-8DCE-4CC0-B9FF-01DD4BF2EABC}.Debug|ARM.ActiveCfg = Debug|Any CPU
		{B992846C-8DCE-4CC0-B9FF-01DD4BF2EABC}.Debug|x64.ActiveCfg = Debug|Any CPU
		{B992846C-8DCE-4CC0-B9FF-01DD4BF2EABC}.Debug|x86.ActiveCfg = Debug|Any CPU
		{B992846C-8DCE-4CC0-B9FF-01DD4BF2EABC}.Release|Any CPU.ActiveCfg = Release|Any CPU
		{B992846C-8DCE-4CC0-B9FF-01DD4BF2EABC}.Release|Any CPU.Build.0 = Release|Any CPU
		{B992846C-8DCE-4CC0-B9FF-01DD4BF2EABC}.Release|ARM.ActiveCfg = Release|Any CPU
		{B992846C-8DCE-4CC0-B9FF-01DD4BF2EABC}.Release|x64.ActiveCfg = Release|Any CPU
		{B992846C-8DCE-4CC0-B9FF-01DD4BF2EABC}.Release|x86.ActiveCfg = Release|Any CPU
		{42BDAC71-4528-46C6-92C3-A8D73C9E6CFC}.Debug|Any CPU.ActiveCfg = Debug|Any CPU
		{42BDAC71-4528-46C6-92C3-A8D73C9E6CFC}.Debug|Any CPU.Build.0 = Debug|Any CPU
		{42BDAC71-4528-46C6-92C3-A8D73C9E6CFC}.Debug|ARM.ActiveCfg = Debug|Any CPU
		{42BDAC71-4528-46C6-92C3-A8D73C9E6CFC}.Debug|x64.ActiveCfg = Debug|Any CPU
		{42BDAC71-4528-46C6-92C3-A8D73C9E6CFC}.Debug|x86.ActiveCfg = Debug|Any CPU
		{42BDAC71-4528-46C6-92C3-A8D73C9E6CFC}.Release|Any CPU.ActiveCfg = Release|Any CPU
		{42BDAC71-4528-46C6-92C3-A8D73C9E6CFC}.Release|Any CPU.Build.0 = Release|Any CPU
		{42BDAC71-4528-46C6-92C3-A8D73C9E6CFC}.Release|ARM.ActiveCfg = Release|Any CPU
		{42BDAC71-4528-46C6-92C3-A8D73C9E6CFC}.Release|x64.ActiveCfg = Release|Any CPU
		{42BDAC71-4528-46C6-92C3-A8D73C9E6CFC}.Release|x86.ActiveCfg = Release|Any CPU
		{D679791E-242D-4BA4-A629-CB91ED2A39C7}.Debug|Any CPU.ActiveCfg = Debug|Any CPU
		{D679791E-242D-4BA4-A629-CB91ED2A39C7}.Debug|Any CPU.Build.0 = Debug|Any CPU
		{D679791E-242D-4BA4-A629-CB91ED2A39C7}.Debug|ARM.ActiveCfg = Debug|Any CPU
		{D679791E-242D-4BA4-A629-CB91ED2A39C7}.Debug|x64.ActiveCfg = Debug|Any CPU
		{D679791E-242D-4BA4-A629-CB91ED2A39C7}.Debug|x86.ActiveCfg = Debug|Any CPU
		{D679791E-242D-4BA4-A629-CB91ED2A39C7}.Release|Any CPU.ActiveCfg = Release|Any CPU
		{D679791E-242D-4BA4-A629-CB91ED2A39C7}.Release|Any CPU.Build.0 = Release|Any CPU
		{D679791E-242D-4BA4-A629-CB91ED2A39C7}.Release|ARM.ActiveCfg = Release|Any CPU
		{D679791E-242D-4BA4-A629-CB91ED2A39C7}.Release|x64.ActiveCfg = Release|Any CPU
		{D679791E-242D-4BA4-A629-CB91ED2A39C7}.Release|x86.ActiveCfg = Release|Any CPU
		{B1CD46DF-665C-4E56-A9F7-360CD307F387}.Debug|Any CPU.ActiveCfg = Debug|Any CPU
		{B1CD46DF-665C-4E56-A9F7-360CD307F387}.Debug|Any CPU.Build.0 = Debug|Any CPU
		{B1CD46DF-665C-4E56-A9F7-360CD307F387}.Debug|ARM.ActiveCfg = Debug|Any CPU
		{B1CD46DF-665C-4E56-A9F7-360CD307F387}.Debug|x64.ActiveCfg = Debug|Any CPU
		{B1CD46DF-665C-4E56-A9F7-360CD307F387}.Debug|x86.ActiveCfg = Debug|Any CPU
		{B1CD46DF-665C-4E56-A9F7-360CD307F387}.Release|Any CPU.ActiveCfg = Release|Any CPU
		{B1CD46DF-665C-4E56-A9F7-360CD307F387}.Release|Any CPU.Build.0 = Release|Any CPU
		{B1CD46DF-665C-4E56-A9F7-360CD307F387}.Release|ARM.ActiveCfg = Release|Any CPU
		{B1CD46DF-665C-4E56-A9F7-360CD307F387}.Release|x64.ActiveCfg = Release|Any CPU
		{B1CD46DF-665C-4E56-A9F7-360CD307F387}.Release|x86.ActiveCfg = Release|Any CPU
		{2D4ED0B6-1095-4519-87AA-21413DF1377E}.Debug|Any CPU.ActiveCfg = Debug|Any CPU
		{2D4ED0B6-1095-4519-87AA-21413DF1377E}.Debug|Any CPU.Build.0 = Debug|Any CPU
		{2D4ED0B6-1095-4519-87AA-21413DF1377E}.Debug|ARM.ActiveCfg = Debug|Any CPU
		{2D4ED0B6-1095-4519-87AA-21413DF1377E}.Debug|ARM.Build.0 = Debug|Any CPU
		{2D4ED0B6-1095-4519-87AA-21413DF1377E}.Debug|x64.ActiveCfg = Debug|Any CPU
		{2D4ED0B6-1095-4519-87AA-21413DF1377E}.Debug|x64.Build.0 = Debug|Any CPU
		{2D4ED0B6-1095-4519-87AA-21413DF1377E}.Debug|x86.ActiveCfg = Debug|Any CPU
		{2D4ED0B6-1095-4519-87AA-21413DF1377E}.Debug|x86.Build.0 = Debug|Any CPU
		{2D4ED0B6-1095-4519-87AA-21413DF1377E}.Release|Any CPU.ActiveCfg = Release|Any CPU
		{2D4ED0B6-1095-4519-87AA-21413DF1377E}.Release|Any CPU.Build.0 = Release|Any CPU
		{2D4ED0B6-1095-4519-87AA-21413DF1377E}.Release|ARM.ActiveCfg = Release|Any CPU
		{2D4ED0B6-1095-4519-87AA-21413DF1377E}.Release|ARM.Build.0 = Release|Any CPU
		{2D4ED0B6-1095-4519-87AA-21413DF1377E}.Release|x64.ActiveCfg = Release|Any CPU
		{2D4ED0B6-1095-4519-87AA-21413DF1377E}.Release|x64.Build.0 = Release|Any CPU
		{2D4ED0B6-1095-4519-87AA-21413DF1377E}.Release|x86.ActiveCfg = Release|Any CPU
		{2D4ED0B6-1095-4519-87AA-21413DF1377E}.Release|x86.Build.0 = Release|Any CPU
		{D5AF9D46-D690-4439-ABCA-FE637ED57405}.Debug|Any CPU.ActiveCfg = Debug|Any CPU
		{D5AF9D46-D690-4439-ABCA-FE637ED57405}.Debug|Any CPU.Build.0 = Debug|Any CPU
		{D5AF9D46-D690-4439-ABCA-FE637ED57405}.Debug|ARM.ActiveCfg = Debug|Any CPU
		{D5AF9D46-D690-4439-ABCA-FE637ED57405}.Debug|ARM.Build.0 = Debug|Any CPU
		{D5AF9D46-D690-4439-ABCA-FE637ED57405}.Debug|x64.ActiveCfg = Debug|Any CPU
		{D5AF9D46-D690-4439-ABCA-FE637ED57405}.Debug|x64.Build.0 = Debug|Any CPU
		{D5AF9D46-D690-4439-ABCA-FE637ED57405}.Debug|x86.ActiveCfg = Debug|Any CPU
		{D5AF9D46-D690-4439-ABCA-FE637ED57405}.Debug|x86.Build.0 = Debug|Any CPU
		{D5AF9D46-D690-4439-ABCA-FE637ED57405}.Release|Any CPU.ActiveCfg = Release|Any CPU
		{D5AF9D46-D690-4439-ABCA-FE637ED57405}.Release|Any CPU.Build.0 = Release|Any CPU
		{D5AF9D46-D690-4439-ABCA-FE637ED57405}.Release|ARM.ActiveCfg = Release|Any CPU
		{D5AF9D46-D690-4439-ABCA-FE637ED57405}.Release|ARM.Build.0 = Release|Any CPU
		{D5AF9D46-D690-4439-ABCA-FE637ED57405}.Release|x64.ActiveCfg = Release|Any CPU
		{D5AF9D46-D690-4439-ABCA-FE637ED57405}.Release|x64.Build.0 = Release|Any CPU
		{D5AF9D46-D690-4439-ABCA-FE637ED57405}.Release|x86.ActiveCfg = Release|Any CPU
		{D5AF9D46-D690-4439-ABCA-FE637ED57405}.Release|x86.Build.0 = Release|Any CPU
		{B0172506-FFA0-47CA-B010-2E947460961A}.Debug|Any CPU.ActiveCfg = Debug|Any CPU
		{B0172506-FFA0-47CA-B010-2E947460961A}.Debug|Any CPU.Build.0 = Debug|Any CPU
		{B0172506-FFA0-47CA-B010-2E947460961A}.Debug|ARM.ActiveCfg = Debug|Any CPU
		{B0172506-FFA0-47CA-B010-2E947460961A}.Debug|ARM.Build.0 = Debug|Any CPU
		{B0172506-FFA0-47CA-B010-2E947460961A}.Debug|x64.ActiveCfg = Debug|Any CPU
		{B0172506-FFA0-47CA-B010-2E947460961A}.Debug|x64.Build.0 = Debug|Any CPU
		{B0172506-FFA0-47CA-B010-2E947460961A}.Debug|x86.ActiveCfg = Debug|Any CPU
		{B0172506-FFA0-47CA-B010-2E947460961A}.Debug|x86.Build.0 = Debug|Any CPU
		{B0172506-FFA0-47CA-B010-2E947460961A}.Release|Any CPU.ActiveCfg = Release|Any CPU
		{B0172506-FFA0-47CA-B010-2E947460961A}.Release|Any CPU.Build.0 = Release|Any CPU
		{B0172506-FFA0-47CA-B010-2E947460961A}.Release|ARM.ActiveCfg = Release|Any CPU
		{B0172506-FFA0-47CA-B010-2E947460961A}.Release|ARM.Build.0 = Release|Any CPU
		{B0172506-FFA0-47CA-B010-2E947460961A}.Release|x64.ActiveCfg = Release|Any CPU
		{B0172506-FFA0-47CA-B010-2E947460961A}.Release|x64.Build.0 = Release|Any CPU
		{B0172506-FFA0-47CA-B010-2E947460961A}.Release|x86.ActiveCfg = Release|Any CPU
		{B0172506-FFA0-47CA-B010-2E947460961A}.Release|x86.Build.0 = Release|Any CPU
		{3D1E2B93-FC66-46C2-83D1-706BBE331B51}.Debug|Any CPU.ActiveCfg = Debug|Any CPU
		{3D1E2B93-FC66-46C2-83D1-706BBE331B51}.Debug|Any CPU.Build.0 = Debug|Any CPU
		{3D1E2B93-FC66-46C2-83D1-706BBE331B51}.Debug|ARM.ActiveCfg = Debug|Any CPU
		{3D1E2B93-FC66-46C2-83D1-706BBE331B51}.Debug|ARM.Build.0 = Debug|Any CPU
		{3D1E2B93-FC66-46C2-83D1-706BBE331B51}.Debug|x64.ActiveCfg = Debug|Any CPU
		{3D1E2B93-FC66-46C2-83D1-706BBE331B51}.Debug|x64.Build.0 = Debug|Any CPU
		{3D1E2B93-FC66-46C2-83D1-706BBE331B51}.Debug|x86.ActiveCfg = Debug|Any CPU
		{3D1E2B93-FC66-46C2-83D1-706BBE331B51}.Debug|x86.Build.0 = Debug|Any CPU
		{3D1E2B93-FC66-46C2-83D1-706BBE331B51}.Release|Any CPU.ActiveCfg = Release|Any CPU
		{3D1E2B93-FC66-46C2-83D1-706BBE331B51}.Release|Any CPU.Build.0 = Release|Any CPU
		{3D1E2B93-FC66-46C2-83D1-706BBE331B51}.Release|ARM.ActiveCfg = Release|Any CPU
		{3D1E2B93-FC66-46C2-83D1-706BBE331B51}.Release|ARM.Build.0 = Release|Any CPU
		{3D1E2B93-FC66-46C2-83D1-706BBE331B51}.Release|x64.ActiveCfg = Release|Any CPU
		{3D1E2B93-FC66-46C2-83D1-706BBE331B51}.Release|x64.Build.0 = Release|Any CPU
		{3D1E2B93-FC66-46C2-83D1-706BBE331B51}.Release|x86.ActiveCfg = Release|Any CPU
		{3D1E2B93-FC66-46C2-83D1-706BBE331B51}.Release|x86.Build.0 = Release|Any CPU
		{238DF511-C417-4A2C-9036-E3CD93BFEE2F}.Debug|Any CPU.ActiveCfg = Debug|Any CPU
		{238DF511-C417-4A2C-9036-E3CD93BFEE2F}.Debug|Any CPU.Build.0 = Debug|Any CPU
		{238DF511-C417-4A2C-9036-E3CD93BFEE2F}.Debug|ARM.ActiveCfg = Debug|Any CPU
		{238DF511-C417-4A2C-9036-E3CD93BFEE2F}.Debug|ARM.Build.0 = Debug|Any CPU
		{238DF511-C417-4A2C-9036-E3CD93BFEE2F}.Debug|x64.ActiveCfg = Debug|Any CPU
		{238DF511-C417-4A2C-9036-E3CD93BFEE2F}.Debug|x64.Build.0 = Debug|Any CPU
		{238DF511-C417-4A2C-9036-E3CD93BFEE2F}.Debug|x86.ActiveCfg = Debug|Any CPU
		{238DF511-C417-4A2C-9036-E3CD93BFEE2F}.Debug|x86.Build.0 = Debug|Any CPU
		{238DF511-C417-4A2C-9036-E3CD93BFEE2F}.Release|Any CPU.ActiveCfg = Release|Any CPU
		{238DF511-C417-4A2C-9036-E3CD93BFEE2F}.Release|Any CPU.Build.0 = Release|Any CPU
		{238DF511-C417-4A2C-9036-E3CD93BFEE2F}.Release|ARM.ActiveCfg = Release|Any CPU
		{238DF511-C417-4A2C-9036-E3CD93BFEE2F}.Release|ARM.Build.0 = Release|Any CPU
		{238DF511-C417-4A2C-9036-E3CD93BFEE2F}.Release|x64.ActiveCfg = Release|Any CPU
		{238DF511-C417-4A2C-9036-E3CD93BFEE2F}.Release|x64.Build.0 = Release|Any CPU
		{238DF511-C417-4A2C-9036-E3CD93BFEE2F}.Release|x86.ActiveCfg = Release|Any CPU
		{238DF511-C417-4A2C-9036-E3CD93BFEE2F}.Release|x86.Build.0 = Release|Any CPU
		{51F8B98F-556D-4FEE-8179-A583F294BCD7}.Debug|Any CPU.ActiveCfg = Debug|Any CPU
		{51F8B98F-556D-4FEE-8179-A583F294BCD7}.Debug|Any CPU.Build.0 = Debug|Any CPU
		{51F8B98F-556D-4FEE-8179-A583F294BCD7}.Debug|ARM.ActiveCfg = Debug|Any CPU
		{51F8B98F-556D-4FEE-8179-A583F294BCD7}.Debug|ARM.Build.0 = Debug|Any CPU
		{51F8B98F-556D-4FEE-8179-A583F294BCD7}.Debug|x64.ActiveCfg = Debug|Any CPU
		{51F8B98F-556D-4FEE-8179-A583F294BCD7}.Debug|x64.Build.0 = Debug|Any CPU
		{51F8B98F-556D-4FEE-8179-A583F294BCD7}.Debug|x86.ActiveCfg = Debug|Any CPU
		{51F8B98F-556D-4FEE-8179-A583F294BCD7}.Debug|x86.Build.0 = Debug|Any CPU
		{51F8B98F-556D-4FEE-8179-A583F294BCD7}.Release|Any CPU.ActiveCfg = Release|Any CPU
		{51F8B98F-556D-4FEE-8179-A583F294BCD7}.Release|Any CPU.Build.0 = Release|Any CPU
		{51F8B98F-556D-4FEE-8179-A583F294BCD7}.Release|ARM.ActiveCfg = Release|Any CPU
		{51F8B98F-556D-4FEE-8179-A583F294BCD7}.Release|ARM.Build.0 = Release|Any CPU
		{51F8B98F-556D-4FEE-8179-A583F294BCD7}.Release|x64.ActiveCfg = Release|Any CPU
		{51F8B98F-556D-4FEE-8179-A583F294BCD7}.Release|x64.Build.0 = Release|Any CPU
		{51F8B98F-556D-4FEE-8179-A583F294BCD7}.Release|x86.ActiveCfg = Release|Any CPU
		{51F8B98F-556D-4FEE-8179-A583F294BCD7}.Release|x86.Build.0 = Release|Any CPU
		{7B43746E-8547-4B1E-B8C9-CEA95180B2A4}.Debug|Any CPU.ActiveCfg = Debug|Any CPU
		{7B43746E-8547-4B1E-B8C9-CEA95180B2A4}.Debug|Any CPU.Build.0 = Debug|Any CPU
		{7B43746E-8547-4B1E-B8C9-CEA95180B2A4}.Debug|ARM.ActiveCfg = Debug|Any CPU
		{7B43746E-8547-4B1E-B8C9-CEA95180B2A4}.Debug|ARM.Build.0 = Debug|Any CPU
		{7B43746E-8547-4B1E-B8C9-CEA95180B2A4}.Debug|x64.ActiveCfg = Debug|Any CPU
		{7B43746E-8547-4B1E-B8C9-CEA95180B2A4}.Debug|x64.Build.0 = Debug|Any CPU
		{7B43746E-8547-4B1E-B8C9-CEA95180B2A4}.Debug|x86.ActiveCfg = Debug|Any CPU
		{7B43746E-8547-4B1E-B8C9-CEA95180B2A4}.Debug|x86.Build.0 = Debug|Any CPU
		{7B43746E-8547-4B1E-B8C9-CEA95180B2A4}.Release|Any CPU.ActiveCfg = Release|Any CPU
		{7B43746E-8547-4B1E-B8C9-CEA95180B2A4}.Release|Any CPU.Build.0 = Release|Any CPU
		{7B43746E-8547-4B1E-B8C9-CEA95180B2A4}.Release|ARM.ActiveCfg = Release|Any CPU
		{7B43746E-8547-4B1E-B8C9-CEA95180B2A4}.Release|ARM.Build.0 = Release|Any CPU
		{7B43746E-8547-4B1E-B8C9-CEA95180B2A4}.Release|x64.ActiveCfg = Release|Any CPU
		{7B43746E-8547-4B1E-B8C9-CEA95180B2A4}.Release|x64.Build.0 = Release|Any CPU
		{7B43746E-8547-4B1E-B8C9-CEA95180B2A4}.Release|x86.ActiveCfg = Release|Any CPU
		{7B43746E-8547-4B1E-B8C9-CEA95180B2A4}.Release|x86.Build.0 = Release|Any CPU
		{2C17B820-BE02-4893-ACF9-68C40C42C062}.Debug|Any CPU.ActiveCfg = Debug|Any CPU
		{2C17B820-BE02-4893-ACF9-68C40C42C062}.Debug|Any CPU.Build.0 = Debug|Any CPU
		{2C17B820-BE02-4893-ACF9-68C40C42C062}.Debug|ARM.ActiveCfg = Debug|Any CPU
		{2C17B820-BE02-4893-ACF9-68C40C42C062}.Debug|ARM.Build.0 = Debug|Any CPU
		{2C17B820-BE02-4893-ACF9-68C40C42C062}.Debug|x64.ActiveCfg = Debug|Any CPU
		{2C17B820-BE02-4893-ACF9-68C40C42C062}.Debug|x64.Build.0 = Debug|Any CPU
		{2C17B820-BE02-4893-ACF9-68C40C42C062}.Debug|x86.ActiveCfg = Debug|Any CPU
		{2C17B820-BE02-4893-ACF9-68C40C42C062}.Debug|x86.Build.0 = Debug|Any CPU
		{2C17B820-BE02-4893-ACF9-68C40C42C062}.Release|Any CPU.ActiveCfg = Release|Any CPU
		{2C17B820-BE02-4893-ACF9-68C40C42C062}.Release|Any CPU.Build.0 = Release|Any CPU
		{2C17B820-BE02-4893-ACF9-68C40C42C062}.Release|ARM.ActiveCfg = Release|Any CPU
		{2C17B820-BE02-4893-ACF9-68C40C42C062}.Release|ARM.Build.0 = Release|Any CPU
		{2C17B820-BE02-4893-ACF9-68C40C42C062}.Release|x64.ActiveCfg = Release|Any CPU
		{2C17B820-BE02-4893-ACF9-68C40C42C062}.Release|x64.Build.0 = Release|Any CPU
		{2C17B820-BE02-4893-ACF9-68C40C42C062}.Release|x86.ActiveCfg = Release|Any CPU
		{2C17B820-BE02-4893-ACF9-68C40C42C062}.Release|x86.Build.0 = Release|Any CPU
		{136E0B72-AAC0-4F8D-BBE5-97843F6C3647}.Debug|Any CPU.ActiveCfg = Debug|Any CPU
		{136E0B72-AAC0-4F8D-BBE5-97843F6C3647}.Debug|Any CPU.Build.0 = Debug|Any CPU
		{136E0B72-AAC0-4F8D-BBE5-97843F6C3647}.Debug|ARM.ActiveCfg = Debug|Any CPU
		{136E0B72-AAC0-4F8D-BBE5-97843F6C3647}.Debug|ARM.Build.0 = Debug|Any CPU
		{136E0B72-AAC0-4F8D-BBE5-97843F6C3647}.Debug|x64.ActiveCfg = Debug|Any CPU
		{136E0B72-AAC0-4F8D-BBE5-97843F6C3647}.Debug|x64.Build.0 = Debug|Any CPU
		{136E0B72-AAC0-4F8D-BBE5-97843F6C3647}.Debug|x86.ActiveCfg = Debug|Any CPU
		{136E0B72-AAC0-4F8D-BBE5-97843F6C3647}.Debug|x86.Build.0 = Debug|Any CPU
		{136E0B72-AAC0-4F8D-BBE5-97843F6C3647}.Release|Any CPU.ActiveCfg = Release|Any CPU
		{136E0B72-AAC0-4F8D-BBE5-97843F6C3647}.Release|Any CPU.Build.0 = Release|Any CPU
		{136E0B72-AAC0-4F8D-BBE5-97843F6C3647}.Release|ARM.ActiveCfg = Release|Any CPU
		{136E0B72-AAC0-4F8D-BBE5-97843F6C3647}.Release|ARM.Build.0 = Release|Any CPU
		{136E0B72-AAC0-4F8D-BBE5-97843F6C3647}.Release|x64.ActiveCfg = Release|Any CPU
		{136E0B72-AAC0-4F8D-BBE5-97843F6C3647}.Release|x64.Build.0 = Release|Any CPU
		{136E0B72-AAC0-4F8D-BBE5-97843F6C3647}.Release|x86.ActiveCfg = Release|Any CPU
		{136E0B72-AAC0-4F8D-BBE5-97843F6C3647}.Release|x86.Build.0 = Release|Any CPU
	EndGlobalSection
	GlobalSection(SolutionProperties) = preSolution
		HideSolutionNode = FALSE
	EndGlobalSection
	GlobalSection(NestedProjects) = preSolution
		{10B0F15D-3AF6-4A86-9941-D87F1CE4F5FA} = {729E9225-9E62-4278-8AA3-3164543404F5}
		{11A46DAB-8E7D-4C89-A81F-3F3A9299869E} = {79EAC083-F6CC-40B9-B48A-39A9085139BC}
		{CD08A314-189C-4297-B87E-152ED9E4D577} = {79EAC083-F6CC-40B9-B48A-39A9085139BC}
		{83D35B92-E429-4080-94C3-A1B5DF991813} = {79EAC083-F6CC-40B9-B48A-39A9085139BC}
		{E1D48F6E-371C-47A6-A900-9C65B6105836} = {79EAC083-F6CC-40B9-B48A-39A9085139BC}
		{DA21834E-AB5C-4A99-A6B1-682F50171489} = {79EAC083-F6CC-40B9-B48A-39A9085139BC}
		{F865452F-4703-4D47-9E9E-2BCB7210FDB1} = {79EAC083-F6CC-40B9-B48A-39A9085139BC}
		{0921E646-4F51-4EA9-8F6B-D5796F1E56B0} = {79EAC083-F6CC-40B9-B48A-39A9085139BC}
		{28BCC79B-4A70-47DF-8691-BB221FCD6D91} = {79EAC083-F6CC-40B9-B48A-39A9085139BC}
		{A69F6A8F-D179-47AA-B5FB-213CCE4FE8F0} = {79EAC083-F6CC-40B9-B48A-39A9085139BC}
		{D63C9B2C-2335-4EF8-B55C-CD9044389960} = {79EAC083-F6CC-40B9-B48A-39A9085139BC}
		{FE962AA9-E0B7-4D19-B73C-791CF2A74D2B} = {CC6384A6-229A-4D23-82BE-731D62F52600}
		{150E0E89-2F8C-48FD-B205-78B1509EE7CB} = {CC6384A6-229A-4D23-82BE-731D62F52600}
		{2A0C8858-92FD-4C88-BA96-49AF63CC6B17} = {CC6384A6-229A-4D23-82BE-731D62F52600}
		{89F4B860-EAB1-4126-B026-022F999FEB1D} = {CC6384A6-229A-4D23-82BE-731D62F52600}
		{BE5FC2C6-20F8-42BF-B36F-86DBBC2F8092} = {CC6384A6-229A-4D23-82BE-731D62F52600}
		{1FDFE086-A747-4383-A9D2-A850B02C4CAC} = {CC6384A6-229A-4D23-82BE-731D62F52600}
		{B992846C-8DCE-4CC0-B9FF-01DD4BF2EABC} = {CC6384A6-229A-4D23-82BE-731D62F52600}
		{42BDAC71-4528-46C6-92C3-A8D73C9E6CFC} = {CC6384A6-229A-4D23-82BE-731D62F52600}
		{D679791E-242D-4BA4-A629-CB91ED2A39C7} = {B18C9692-4FEE-4996-BB7D-52C0C9BC24D5}
		{B1CD46DF-665C-4E56-A9F7-360CD307F387} = {B18C9692-4FEE-4996-BB7D-52C0C9BC24D5}
		{2D4ED0B6-1095-4519-87AA-21413DF1377E} = {BA8CA0B3-AC14-41B3-BABF-621AA1E9A3FB}
		{D5AF9D46-D690-4439-ABCA-FE637ED57405} = {BA8CA0B3-AC14-41B3-BABF-621AA1E9A3FB}
		{B0172506-FFA0-47CA-B010-2E947460961A} = {BA8CA0B3-AC14-41B3-BABF-621AA1E9A3FB}
		{3D1E2B93-FC66-46C2-83D1-706BBE331B51} = {BA8CA0B3-AC14-41B3-BABF-621AA1E9A3FB}
		{238DF511-C417-4A2C-9036-E3CD93BFEE2F} = {BA8CA0B3-AC14-41B3-BABF-621AA1E9A3FB}
		{51F8B98F-556D-4FEE-8179-A583F294BCD7} = {BA8CA0B3-AC14-41B3-BABF-621AA1E9A3FB}
		{7B43746E-8547-4B1E-B8C9-CEA95180B2A4} = {BA8CA0B3-AC14-41B3-BABF-621AA1E9A3FB}
		{2C17B820-BE02-4893-ACF9-68C40C42C062} = {BA8CA0B3-AC14-41B3-BABF-621AA1E9A3FB}
		{136E0B72-AAC0-4F8D-BBE5-97843F6C3647} = {BA8CA0B3-AC14-41B3-BABF-621AA1E9A3FB}
	EndGlobalSection
	GlobalSection(ExtensibilityGlobals) = postSolution
		SolutionGuid = {8DD46F9F-A185-46EF-87C9-0C73761EC3BB}
	EndGlobalSection
EndGlobal
