
Microsoft Visual Studio Solution File, Format Version 12.00
# Visual Studio Express 2012 for Windows 8
Project("{FAE04EC0-301F-11D3-BF4B-00C04F79EFBC}") = "PoolPuzzle", "PoolPuzzle\PoolPuzzle.csproj", "{0921E646-4F51-4EA9-8F6B-D5796F1E56B0}"
EndProject
Global
	GlobalSection(TeamFoundationVersionControl) = preSolution
		SccNumberOfProjects = 2
		SccEnterpriseProvider = {4CA58AB2-18FA-4F8D-95D4-32DDF27D184C}
		SccTeamFoundationServer = https://platano.visualstudio.com/defaultcollection
		SccLocalPath0 = .
		SccProjectUniqueName1 = PoolPuzzle\\PoolPuzzle.csproj
		SccProjectName1 = PoolPuzzle
		SccLocalPath1 = PoolPuzzle
	EndGlobalSection
	GlobalSection(SolutionConfigurationPlatforms) = preSolution
		Debug|Any CPU = Debug|Any CPU
		Debug|ARM = Debug|ARM
		Debug|x64 = Debug|x64
		Debug|x86 = Debug|x86
		Release|Any CPU = Release|Any CPU
		Release|ARM = Release|ARM
		Release|x64 = Release|x64
		Release|x86 = Release|x86
	EndGlobalSection
	GlobalSection(ProjectConfigurationPlatforms) = postSolution
		{0921E646-4F51-4EA9-8F6B-D5796F1E56B0}.Debug|Any CPU.ActiveCfg = Debug|Any CPU
		{0921E646-4F51-4EA9-8F6B-D5796F1E56B0}.Debug|Any CPU.Build.0 = Debug|Any CPU
		{0921E646-4F51-4EA9-8F6B-D5796F1E56B0}.Debug|Any CPU.Deploy.0 = Debug|Any CPU
		{0921E646-4F51-4EA9-8F6B-D5796F1E56B0}.Debug|ARM.ActiveCfg = Debug|ARM
		{0921E646-4F51-4EA9-8F6B-D5796F1E56B0}.Debug|ARM.Build.0 = Debug|ARM
		{0921E646-4F51-4EA9-8F6B-D5796F1E56B0}.Debug|ARM.Deploy.0 = Debug|ARM
		{0921E646-4F51-4EA9-8F6B-D5796F1E56B0}.Debug|x64.ActiveCfg = Debug|x64
		{0921E646-4F51-4EA9-8F6B-D5796F1E56B0}.Debug|x64.Build.0 = Debug|x64
		{0921E646-4F51-4EA9-8F6B-D5796F1E56B0}.Debug|x64.Deploy.0 = Debug|x64
		{0921E646-4F51-4EA9-8F6B-D5796F1E56B0}.Debug|x86.ActiveCfg = Debug|x86
		{0921E646-4F51-4EA9-8F6B-D5796F1E56B0}.Debug|x86.Build.0 = Debug|x86
		{0921E646-4F51-4EA9-8F6B-D5796F1E56B0}.Debug|x86.Deploy.0 = Debug|x86
		{0921E646-4F51-4EA9-8F6B-D5796F1E56B0}.Release|Any CPU.ActiveCfg = Release|Any CPU
		{0921E646-4F51-4EA9-8F6B-D5796F1E56B0}.Release|Any CPU.Build.0 = Release|Any CPU
		{0921E646-4F51-4EA9-8F6B-D5796F1E56B0}.Release|Any CPU.Deploy.0 = Release|Any CPU
		{0921E646-4F51-4EA9-8F6B-D5796F1E56B0}.Release|ARM.ActiveCfg = Release|ARM
		{0921E646-4F51-4EA9-8F6B-D5796F1E56B0}.Release|ARM.Build.0 = Release|ARM
		{0921E646-4F51-4EA9-8F6B-D5796F1E56B0}.Release|ARM.Deploy.0 = Release|ARM
		{0921E646-4F51-4EA9-8F6B-D5796F1E56B0}.Release|x64.ActiveCfg = Release|x64
		{0921E646-4F51-4EA9-8F6B-D5796F1E56B0}.Release|x64.Build.0 = Release|x64
		{0921E646-4F51-4EA9-8F6B-D5796F1E56B0}.Release|x64.Deploy.0 = Release|x64
		{0921E646-4F51-4EA9-8F6B-D5796F1E56B0}.Release|x86.ActiveCfg = Release|x86
		{0921E646-4F51-4EA9-8F6B-D5796F1E56B0}.Release|x86.Build.0 = Release|x86
		{0921E646-4F51-4EA9-8F6B-D5796F1E56B0}.Release|x86.Deploy.0 = Release|x86
	EndGlobalSection
	GlobalSection(SolutionProperties) = preSolution
		HideSolutionNode = FALSE
	EndGlobalSection
EndGlobal
